
Microsoft Visual Studio Solution File, Format Version 12.00
# Visual Studio 15
VisualStudioVersion = 15.0.28307.421
MinimumVisualStudioVersion = 10.0.40219.1
Project("{FAE04EC0-301F-11D3-BF4B-00C04F79EFBC}") = "MyProject", "MyProject\MyProject.csproj", "{9ECA5E93-4941-4C65-8F52-F8B90E256491}"
EndProject
Project("{E53339B2-1760-4266-BCC7-CA923CBCF16C}") = "docker-compose", "docker-compose.dcproj", "{F5A15456-5DA6-485B-B3AE-717638212441}"
EndProject
Global
	GlobalSection(SolutionConfigurationPlatforms) = preSolution
		Debug|Any CPU = Debug|Any CPU
		Release|Any CPU = Release|Any CPU
	EndGlobalSection
	GlobalSection(ProjectConfigurationPlatforms) = postSolution
		{9ECA5E93-4941-4C65-8F52-F8B90E256491}.Debug|Any CPU.ActiveCfg = Debug|Any CPU
		{9ECA5E93-4941-4C65-8F52-F8B90E256491}.Debug|Any CPU.Build.0 = Debug|Any CPU
		{9ECA5E93-4941-4C65-8F52-F8B90E256491}.Release|Any CPU.ActiveCfg = Release|Any CPU
		{9ECA5E93-4941-4C65-8F52-F8B90E256491}.Release|Any CPU.Build.0 = Release|Any CPU
		{F5A15456-5DA6-485B-B3AE-717638212441}.Debug|Any CPU.ActiveCfg = Debug|Any CPU
		{F5A15456-5DA6-485B-B3AE-717638212441}.Debug|Any CPU.Build.0 = Debug|Any CPU
		{F5A15456-5DA6-485B-B3AE-717638212441}.Release|Any CPU.ActiveCfg = Release|Any CPU
		{F5A15456-5DA6-485B-B3AE-717638212441}.Release|Any CPU.Build.0 = Release|Any CPU
	EndGlobalSection
	GlobalSection(SolutionProperties) = preSolution
		HideSolutionNode = FALSE
	EndGlobalSection
	GlobalSection(ExtensibilityGlobals) = postSolution
		SolutionGuid = {03E61970-B5CC-43BC-8DFC-8D72EF558C4E}
	EndGlobalSection
EndGlobal
